// !$*UTF8*$!
{
	archiveVersion = 1;
	classes = {
	};
	objectVersion = 46;
	objects = {

/* Begin PBXBuildFile section */
		AA08D2DE2000AABA0062C7CE /* IJKMediaFrameworkWithSSL.framework in Frameworks */ = {isa = PBXBuildFile; fileRef = AA08D2DD2000AAB90062C7CE /* IJKMediaFrameworkWithSSL.framework */; };
		AA08D2DF2000AACB0062C7CE /* GXNetwork.framework in Frameworks */ = {isa = PBXBuildFile; fileRef = AA08D2B52000AA240062C7CE /* GXNetwork.framework */; };
		AA08D2E02000AACB0062C7CE /* GXPageView.framework in Frameworks */ = {isa = PBXBuildFile; fileRef = AA08D2D02000AA410062C7CE /* GXPageView.framework */; };
		AA08D2E12000AACB0062C7CE /* GXPlayer.framework in Frameworks */ = {isa = PBXBuildFile; fileRef = AA08D2C52000AA380062C7CE /* GXPlayer.framework */; };
		AA08D2E22000AACB0062C7CE /* GXPodContainer.framework in Frameworks */ = {isa = PBXBuildFile; fileRef = AA08D2BD2000AA310062C7CE /* GXPodContainer.framework */; };
		AA08D2E32000AACB0062C7CE /* GXRuler.framework in Frameworks */ = {isa = PBXBuildFile; fileRef = AA08D2DA2000AA470062C7CE /* GXRuler.framework */; };
		AA08D41F2000EE1F0062C7CE /* GXHomeRecGameCell.h in Headers */ = {isa = PBXBuildFile; fileRef = AA08D41C2000EE1F0062C7CE /* GXHomeRecGameCell.h */; };
		AA08D4202000EE1F0062C7CE /* GXHomeRecGameCell.m in Sources */ = {isa = PBXBuildFile; fileRef = AA08D41D2000EE1F0062C7CE /* GXHomeRecGameCell.m */; };
		AA08D4242000FCAD0062C7CE /* GXHomeUIConstraint.h in Headers */ = {isa = PBXBuildFile; fileRef = AA08D4222000FCAD0062C7CE /* GXHomeUIConstraint.h */; };
		AA08D4252000FCAD0062C7CE /* GXHomeUIConstraint.m in Sources */ = {isa = PBXBuildFile; fileRef = AA08D4232000FCAD0062C7CE /* GXHomeUIConstraint.m */; };
		AA3C79581FFE657300FA1455 /* GXHomeFeedCardAVView.m in Sources */ = {isa = PBXBuildFile; fileRef = AA3C79501FFE657300FA1455 /* GXHomeFeedCardAVView.m */; };
		AA3C79591FFE657300FA1455 /* GXHomeBaseFeedCardView.m in Sources */ = {isa = PBXBuildFile; fileRef = AA3C79511FFE657300FA1455 /* GXHomeBaseFeedCardView.m */; };
		AA3C795A1FFE657300FA1455 /* GXHomeFeedCardSpecialView.h in Headers */ = {isa = PBXBuildFile; fileRef = AA3C79521FFE657300FA1455 /* GXHomeFeedCardSpecialView.h */; };
		AA3C795B1FFE657300FA1455 /* GXHomeFeedCardSpecialView.m in Sources */ = {isa = PBXBuildFile; fileRef = AA3C79531FFE657300FA1455 /* GXHomeFeedCardSpecialView.m */; };
		AA3C795C1FFE657300FA1455 /* GXHomeFeedCardAVView.h in Headers */ = {isa = PBXBuildFile; fileRef = AA3C79541FFE657300FA1455 /* GXHomeFeedCardAVView.h */; };
		AA3C795D1FFE657300FA1455 /* GXHomeFeedCardGameView.h in Headers */ = {isa = PBXBuildFile; fileRef = AA3C79551FFE657300FA1455 /* GXHomeFeedCardGameView.h */; };
		AA3C795E1FFE657300FA1455 /* GXHomeBaseFeedCardView.h in Headers */ = {isa = PBXBuildFile; fileRef = AA3C79561FFE657300FA1455 /* GXHomeBaseFeedCardView.h */; };
		AA3C795F1FFE657300FA1455 /* GXHomeFeedCardGameView.m in Sources */ = {isa = PBXBuildFile; fileRef = AA3C79571FFE657300FA1455 /* GXHomeFeedCardGameView.m */; };
		AA3C79861FFE693100FA1455 /* GXHomeRecommendVM.h in Headers */ = {isa = PBXBuildFile; fileRef = AA3C79841FFE693100FA1455 /* GXHomeRecommendVM.h */; };
		AA3C79871FFE693100FA1455 /* GXHomeRecommendVM.m in Sources */ = {isa = PBXBuildFile; fileRef = AA3C79851FFE693100FA1455 /* GXHomeRecommendVM.m */; };
		AA7483DC2001EF69002EDBC9 /* GXHomeRecGameCell.xib in Resources */ = {isa = PBXBuildFile; fileRef = AA7483D62001EF69002EDBC9 /* GXHomeRecGameCell.xib */; };
		AA7483FF20021795002EDBC9 /* GXHomeRecSpecialCell.h in Headers */ = {isa = PBXBuildFile; fileRef = AA7483FC20021795002EDBC9 /* GXHomeRecSpecialCell.h */; };
		AA74840020021795002EDBC9 /* GXHomeRecSpecialCell.m in Sources */ = {isa = PBXBuildFile; fileRef = AA7483FD20021795002EDBC9 /* GXHomeRecSpecialCell.m */; };
		AA74840120021795002EDBC9 /* GXHomeRecSpecialCell.xib in Resources */ = {isa = PBXBuildFile; fileRef = AA7483FE20021795002EDBC9 /* GXHomeRecSpecialCell.xib */; };
		B70FBCA21F99CCA9004A52F7 /* GXHomeLiveVC.h in Headers */ = {isa = PBXBuildFile; fileRef = B70FBC9E1F99CCA9004A52F7 /* GXHomeLiveVC.h */; };
		B70FBCA31F99CCA9004A52F7 /* GXHomeLiveVC.m in Sources */ = {isa = PBXBuildFile; fileRef = B70FBC9F1F99CCA9004A52F7 /* GXHomeLiveVC.m */; };
		B70FBCAA1F99CD4D004A52F7 /* GXHomeLiveModel.h in Headers */ = {isa = PBXBuildFile; fileRef = B70FBCA81F99CD4D004A52F7 /* GXHomeLiveModel.h */; };
		B70FBCAB1F99CD4D004A52F7 /* GXHomeLiveModel.m in Sources */ = {isa = PBXBuildFile; fileRef = B70FBCA91F99CD4D004A52F7 /* GXHomeLiveModel.m */; };
		B70FBCAE1F99CD77004A52F7 /* GXHomeLiveCell.h in Headers */ = {isa = PBXBuildFile; fileRef = B70FBCAC1F99CD77004A52F7 /* GXHomeLiveCell.h */; };
		B70FBCAF1F99CD77004A52F7 /* GXHomeLiveCell.m in Sources */ = {isa = PBXBuildFile; fileRef = B70FBCAD1F99CD77004A52F7 /* GXHomeLiveCell.m */; };
		B70FBCB21F99CE17004A52F7 /* GXHomeLiveVM.h in Headers */ = {isa = PBXBuildFile; fileRef = B70FBCB01F99CE17004A52F7 /* GXHomeLiveVM.h */; };
		B70FBCB31F99CE17004A52F7 /* GXHomeLiveVM.m in Sources */ = {isa = PBXBuildFile; fileRef = B70FBCB11F99CE17004A52F7 /* GXHomeLiveVM.m */; };
		B70FBCB61F99CEA8004A52F7 /* GXHomeNavigator.h in Headers */ = {isa = PBXBuildFile; fileRef = B70FBCB41F99CEA8004A52F7 /* GXHomeNavigator.h */; settings = {ATTRIBUTES = (Public, ); }; };
		B70FBCB71F99CEA8004A52F7 /* GXHomeNavigator.m in Sources */ = {isa = PBXBuildFile; fileRef = B70FBCB51F99CEA8004A52F7 /* GXHomeNavigator.m */; };
		B75081531F9DC3220054ED21 /* GXHomeBangumiViewModel.h in Headers */ = {isa = PBXBuildFile; fileRef = B75081511F9DC3220054ED21 /* GXHomeBangumiViewModel.h */; };
		B75081541F9DC3220054ED21 /* GXHomeBangumiViewModel.m in Sources */ = {isa = PBXBuildFile; fileRef = B75081521F9DC3220054ED21 /* GXHomeBangumiViewModel.m */; };
		B75081581F9DC3AE0054ED21 /* GXHomeBangumiModel.h in Headers */ = {isa = PBXBuildFile; fileRef = B75081561F9DC3AE0054ED21 /* GXHomeBangumiModel.h */; };
		B75081591F9DC3AE0054ED21 /* GXHomeBangumiModel.m in Sources */ = {isa = PBXBuildFile; fileRef = B75081571F9DC3AE0054ED21 /* GXHomeBangumiModel.m */; };
		B750815C1F9DC45A0054ED21 /* GXHomeBangumiVC.h in Headers */ = {isa = PBXBuildFile; fileRef = B750815A1F9DC4590054ED21 /* GXHomeBangumiVC.h */; };
		B750815D1F9DC45A0054ED21 /* GXHomeBangumiVC.m in Sources */ = {isa = PBXBuildFile; fileRef = B750815B1F9DC45A0054ED21 /* GXHomeBangumiVC.m */; };
		B75081601F9DC47B0054ED21 /* GXHomeBangumiCell.h in Headers */ = {isa = PBXBuildFile; fileRef = B750815E1F9DC47B0054ED21 /* GXHomeBangumiCell.h */; };
		B75081611F9DC47B0054ED21 /* GXHomeBangumiCell.m in Sources */ = {isa = PBXBuildFile; fileRef = B750815F1F9DC47B0054ED21 /* GXHomeBangumiCell.m */; };
		B755554D1F3C5823008D0D01 /* GXHome.framework in Frameworks */ = {isa = PBXBuildFile; fileRef = B75555431F3C5823008D0D01 /* GXHome.framework */; };
		B75555521F3C5823008D0D01 /* GXHomeTests.m in Sources */ = {isa = PBXBuildFile; fileRef = B75555511F3C5823008D0D01 /* GXHomeTests.m */; };
		B75555541F3C5823008D0D01 /* GXHome.h in Headers */ = {isa = PBXBuildFile; fileRef = B75555461F3C5823008D0D01 /* GXHome.h */; settings = {ATTRIBUTES = (Public, ); }; };
		B755556C1F3C604A008D0D01 /* GXHomeDefine.h in Headers */ = {isa = PBXBuildFile; fileRef = B755556A1F3C604A008D0D01 /* GXHomeDefine.h */; settings = {ATTRIBUTES = (Public, ); }; };
		B755556D1F3C604A008D0D01 /* GXHomeDefine.m in Sources */ = {isa = PBXBuildFile; fileRef = B755556B1F3C604A008D0D01 /* GXHomeDefine.m */; };
		B75555701F3C616C008D0D01 /* GXHomeManager.h in Headers */ = {isa = PBXBuildFile; fileRef = B755556E1F3C616C008D0D01 /* GXHomeManager.h */; };
		B75555711F3C616C008D0D01 /* GXHomeManager.m in Sources */ = {isa = PBXBuildFile; fileRef = B755556F1F3C616C008D0D01 /* GXHomeManager.m */; };
		B780484A1F7367D5004B5E5B /* GXHomePCH.pch in Headers */ = {isa = PBXBuildFile; fileRef = B78048491F7367D5004B5E5B /* GXHomePCH.pch */; };
		B78048611F736C79004B5E5B /* main.m in Sources */ = {isa = PBXBuildFile; fileRef = B78048601F736C79004B5E5B /* main.m */; };
		B78048641F736C79004B5E5B /* AppDelegate.m in Sources */ = {isa = PBXBuildFile; fileRef = B78048631F736C79004B5E5B /* AppDelegate.m */; };
		B780486C1F736C79004B5E5B /* Assets.xcassets in Resources */ = {isa = PBXBuildFile; fileRef = B780486B1F736C79004B5E5B /* Assets.xcassets */; };
		B780486F1F736C79004B5E5B /* LaunchScreen.storyboard in Resources */ = {isa = PBXBuildFile; fileRef = B780486D1F736C79004B5E5B /* LaunchScreen.storyboard */; };
		B78048761F736C9A004B5E5B /* GXHome.framework in Frameworks */ = {isa = PBXBuildFile; fileRef = B75555431F3C5823008D0D01 /* GXHome.framework */; };
		B78048771F736C9A004B5E5B /* GXHome.framework in Embed Frameworks */ = {isa = PBXBuildFile; fileRef = B75555431F3C5823008D0D01 /* GXHome.framework */; settings = {ATTRIBUTES = (CodeSignOnCopy, RemoveHeadersOnCopy, ); }; };
		B78048BC1F73BFC9004B5E5B /* GXHomeRecommendVC.h in Headers */ = {isa = PBXBuildFile; fileRef = B78048BA1F73BFC9004B5E5B /* GXHomeRecommendVC.h */; };
		B78048BD1F73BFC9004B5E5B /* GXHomeRecommendVC.m in Sources */ = {isa = PBXBuildFile; fileRef = B78048BB1F73BFC9004B5E5B /* GXHomeRecommendVC.m */; };
		B7B685321F41B2CC00306EF5 /* GXHomeViewController.h in Headers */ = {isa = PBXBuildFile; fileRef = B7B685301F41B2CC00306EF5 /* GXHomeViewController.h */; };
		B7B685331F41B2CC00306EF5 /* GXHomeViewController.m in Sources */ = {isa = PBXBuildFile; fileRef = B7B685311F41B2CC00306EF5 /* GXHomeViewController.m */; };
		B7B685351F41B3D100306EF5 /* GXHome.xcassets in Resources */ = {isa = PBXBuildFile; fileRef = B7B685341F41B3D100306EF5 /* GXHome.xcassets */; };
		B7C20D861F4EB97300F6E5F1 /* GXHomeRouter.h in Headers */ = {isa = PBXBuildFile; fileRef = B7C20D841F4EB97300F6E5F1 /* GXHomeRouter.h */; };
		B7C20D871F4EB97300F6E5F1 /* GXHomeRouter.m in Sources */ = {isa = PBXBuildFile; fileRef = B7C20D851F4EB97300F6E5F1 /* GXHomeRouter.m */; };
		B7CCDC6F1F3DBD7E00B06BB3 /* GXHomeBus.h in Headers */ = {isa = PBXBuildFile; fileRef = B7CCDC6D1F3DBD7E00B06BB3 /* GXHomeBus.h */; settings = {ATTRIBUTES = (Public, ); }; };
		B7CCDC701F3DBD7E00B06BB3 /* GXHomeBus.m in Sources */ = {isa = PBXBuildFile; fileRef = B7CCDC6E1F3DBD7E00B06BB3 /* GXHomeBus.m */; };
		E448DC402009155800AC5F00 /* GXHomeTableViewCell.h in Headers */ = {isa = PBXBuildFile; fileRef = E448DC3D2009155800AC5F00 /* GXHomeTableViewCell.h */; };
		E448DC412009155800AC5F00 /* GXHomeTableViewCell.m in Sources */ = {isa = PBXBuildFile; fileRef = E448DC3E2009155800AC5F00 /* GXHomeTableViewCell.m */; };
		E448DC422009155800AC5F00 /* GXHomeTableViewCell.xib in Resources */ = {isa = PBXBuildFile; fileRef = E448DC3F2009155800AC5F00 /* GXHomeTableViewCell.xib */; };
		E4B83CA71FFE7B5D000A4AFF /* GXHomeBaseFeedCardAVModel.h in Headers */ = {isa = PBXBuildFile; fileRef = E4B83CA51FFE7B5D000A4AFF /* GXHomeBaseFeedCardAVModel.h */; settings = {ATTRIBUTES = (Public, ); }; };
		E4B83CA81FFE7B5D000A4AFF /* GXHomeBaseFeedCardAVModel.m in Sources */ = {isa = PBXBuildFile; fileRef = E4B83CA61FFE7B5D000A4AFF /* GXHomeBaseFeedCardAVModel.m */; };
		E4B83CB01FFE8052000A4AFF /* GXHomeUIImageViewModel.h in Headers */ = {isa = PBXBuildFile; fileRef = E4B83CAE1FFE8052000A4AFF /* GXHomeUIImageViewModel.h */; };
		E4B83CB11FFE8052000A4AFF /* GXHomeUIImageViewModel.m in Sources */ = {isa = PBXBuildFile; fileRef = E4B83CAF1FFE8052000A4AFF /* GXHomeUIImageViewModel.m */; };
		E4B83CB41FFE8062000A4AFF /* GXHomeUILabelModel.h in Headers */ = {isa = PBXBuildFile; fileRef = E4B83CB21FFE8062000A4AFF /* GXHomeUILabelModel.h */; };
		E4B83CB51FFE8062000A4AFF /* GXHomeUILabelModel.m in Sources */ = {isa = PBXBuildFile; fileRef = E4B83CB31FFE8062000A4AFF /* GXHomeUILabelModel.m */; };
		E4B83CBC1FFE8128000A4AFF /* GXHomeUIBaseModel.h in Headers */ = {isa = PBXBuildFile; fileRef = E4B83CBA1FFE8128000A4AFF /* GXHomeUIBaseModel.h */; };
		E4B83CBD1FFE8128000A4AFF /* GXHomeUIBaseModel.m in Sources */ = {isa = PBXBuildFile; fileRef = E4B83CBB1FFE8128000A4AFF /* GXHomeUIBaseModel.m */; };
		E4B83CC01FFE87A2000A4AFF /* GXHomeRecAVCell.h in Headers */ = {isa = PBXBuildFile; fileRef = E4B83CBE1FFE87A2000A4AFF /* GXHomeRecAVCell.h */; };
		E4B83CC11FFE87A2000A4AFF /* GXHomeRecAVCell.m in Sources */ = {isa = PBXBuildFile; fileRef = E4B83CBF1FFE87A2000A4AFF /* GXHomeRecAVCell.m */; };
/* End PBXBuildFile section */

/* Begin PBXContainerItemProxy section */
		AA08D2B42000AA240062C7CE /* PBXContainerItemProxy */ = {
			isa = PBXContainerItemProxy;
			containerPortal = AA08D2AE2000AA240062C7CE /* GXNetwork.xcodeproj */;
			proxyType = 2;
			remoteGlobalIDString = B7B685461F41BFA100306EF5;
			remoteInfo = GXNetwork;
		};
		AA08D2B62000AA240062C7CE /* PBXContainerItemProxy */ = {
			isa = PBXContainerItemProxy;
			containerPortal = AA08D2AE2000AA240062C7CE /* GXNetwork.xcodeproj */;
			proxyType = 2;
			remoteGlobalIDString = B7B6854F1F41BFA100306EF5;
			remoteInfo = GXNetworkTests;
		};
		AA08D2BC2000AA310062C7CE /* PBXContainerItemProxy */ = {
			isa = PBXContainerItemProxy;
			containerPortal = AA08D2B82000AA310062C7CE /* GXPodContainer.xcodeproj */;
			proxyType = 2;
			remoteGlobalIDString = B77B4B261F5D2694009FBFF0;
			remoteInfo = GXPodContainer;
		};
		AA08D2C42000AA380062C7CE /* PBXContainerItemProxy */ = {
			isa = PBXContainerItemProxy;
			containerPortal = AA08D2BE2000AA380062C7CE /* GXPlayer.xcodeproj */;
			proxyType = 2;
			remoteGlobalIDString = B70D8BF21F9844BA00F0DA16;
			remoteInfo = GXPlayer;
		};
		AA08D2C62000AA380062C7CE /* PBXContainerItemProxy */ = {
			isa = PBXContainerItemProxy;
			containerPortal = AA08D2BE2000AA380062C7CE /* GXPlayer.xcodeproj */;
			proxyType = 2;
			remoteGlobalIDString = B70D8BFB1F9844BB00F0DA16;
			remoteInfo = GXPlayerTests;
		};
		AA08D2C82000AA380062C7CE /* PBXContainerItemProxy */ = {
			isa = PBXContainerItemProxy;
			containerPortal = AA08D2BE2000AA380062C7CE /* GXPlayer.xcodeproj */;
			proxyType = 2;
			remoteGlobalIDString = B747A7881F98589300BE60C5;
			remoteInfo = GXPlayerShell;
		};
		AA08D2CF2000AA410062C7CE /* PBXContainerItemProxy */ = {
			isa = PBXContainerItemProxy;
			containerPortal = AA08D2CA2000AA400062C7CE /* GXPageView.xcodeproj */;
			proxyType = 2;
			remoteGlobalIDString = B744959E1F56B0A80018CC0F;
			remoteInfo = GXPageView;
		};
		AA08D2D12000AA410062C7CE /* PBXContainerItemProxy */ = {
			isa = PBXContainerItemProxy;
			containerPortal = AA08D2CA2000AA400062C7CE /* GXPageView.xcodeproj */;
			proxyType = 2;
			remoteGlobalIDString = B77B4C7B1F5D6904009FBFF0;
			remoteInfo = GXPageViewShell;
		};
		AA08D2D92000AA470062C7CE /* PBXContainerItemProxy */ = {
			isa = PBXContainerItemProxy;
			containerPortal = AA08D2D32000AA460062C7CE /* GXRuler.xcodeproj */;
			proxyType = 2;
			remoteGlobalIDString = B7B6846A1F41A98700306EF5;
			remoteInfo = GXRuler;
		};
		AA08D2DB2000AA470062C7CE /* PBXContainerItemProxy */ = {
			isa = PBXContainerItemProxy;
			containerPortal = AA08D2D32000AA460062C7CE /* GXRuler.xcodeproj */;
			proxyType = 2;
			remoteGlobalIDString = B7B684731F41A98700306EF5;
			remoteInfo = GXRulerTests;
		};
		AA08D2E42000AAE70062C7CE /* PBXContainerItemProxy */ = {
			isa = PBXContainerItemProxy;
			containerPortal = AA08D2D32000AA460062C7CE /* GXRuler.xcodeproj */;
			proxyType = 1;
			remoteGlobalIDString = B7B684691F41A98700306EF5;
			remoteInfo = GXRuler;
		};
		AA08D2E62000AAE70062C7CE /* PBXContainerItemProxy */ = {
			isa = PBXContainerItemProxy;
			containerPortal = AA08D2B82000AA310062C7CE /* GXPodContainer.xcodeproj */;
			proxyType = 1;
			remoteGlobalIDString = B77B4B251F5D2694009FBFF0;
			remoteInfo = GXPodContainer;
		};
		AA08D2E82000AAE70062C7CE /* PBXContainerItemProxy */ = {
			isa = PBXContainerItemProxy;
			containerPortal = AA08D2CA2000AA400062C7CE /* GXPageView.xcodeproj */;
			proxyType = 1;
			remoteGlobalIDString = B744959D1F56B0A80018CC0F;
			remoteInfo = GXPageView;
		};
		AA08D2EA2000AAE70062C7CE /* PBXContainerItemProxy */ = {
			isa = PBXContainerItemProxy;
			containerPortal = AA08D2BE2000AA380062C7CE /* GXPlayer.xcodeproj */;
			proxyType = 1;
			remoteGlobalIDString = B70D8BF11F9844BA00F0DA16;
			remoteInfo = GXPlayer;
		};
		AA08D2EC2000AAE70062C7CE /* PBXContainerItemProxy */ = {
			isa = PBXContainerItemProxy;
			containerPortal = AA08D2AE2000AA240062C7CE /* GXNetwork.xcodeproj */;
			proxyType = 1;
			remoteGlobalIDString = B7B685451F41BFA100306EF5;
			remoteInfo = GXNetwork;
		};
		B755554E1F3C5823008D0D01 /* PBXContainerItemProxy */ = {
			isa = PBXContainerItemProxy;
			containerPortal = B755553A1F3C5823008D0D01 /* Project object */;
			proxyType = 1;
			remoteGlobalIDString = B75555421F3C5823008D0D01;
			remoteInfo = GXHome;
		};
		B78048781F736C9A004B5E5B /* PBXContainerItemProxy */ = {
			isa = PBXContainerItemProxy;
			containerPortal = B755553A1F3C5823008D0D01 /* Project object */;
			proxyType = 1;
			remoteGlobalIDString = B75555421F3C5823008D0D01;
			remoteInfo = GXHome;
		};
/* End PBXContainerItemProxy section */

/* Begin PBXCopyFilesBuildPhase section */
		B780487A1F736C9A004B5E5B /* Embed Frameworks */ = {
			isa = PBXCopyFilesBuildPhase;
			buildActionMask = 2147483647;
			dstPath = "";
			dstSubfolderSpec = 10;
			files = (
				B78048771F736C9A004B5E5B /* GXHome.framework in Embed Frameworks */,
			);
			name = "Embed Frameworks";
			runOnlyForDeploymentPostprocessing = 0;
		};
/* End PBXCopyFilesBuildPhase section */

/* Begin PBXFileReference section */
		AA08D2AE2000AA240062C7CE /* GXNetwork.xcodeproj */ = {isa = PBXFileReference; lastKnownFileType = "wrapper.pb-project"; name = GXNetwork.xcodeproj; path = "../../GXRuler-OC/GXNetwork/GXNetwork.xcodeproj"; sourceTree = "<group>"; };
		AA08D2B82000AA310062C7CE /* GXPodContainer.xcodeproj */ = {isa = PBXFileReference; lastKnownFileType = "wrapper.pb-project"; name = GXPodContainer.xcodeproj; path = "../../GXRuler-OC/GXPodContainer/GXPodContainer.xcodeproj"; sourceTree = "<group>"; };
		AA08D2BE2000AA380062C7CE /* GXPlayer.xcodeproj */ = {isa = PBXFileReference; lastKnownFileType = "wrapper.pb-project"; name = GXPlayer.xcodeproj; path = "../../GXRuler-OC/GXPlayer/GXPlayer.xcodeproj"; sourceTree = "<group>"; };
		AA08D2CA2000AA400062C7CE /* GXPageView.xcodeproj */ = {isa = PBXFileReference; lastKnownFileType = "wrapper.pb-project"; name = GXPageView.xcodeproj; path = "../../GXRuler-OC/GXPageView/GXPageView.xcodeproj"; sourceTree = "<group>"; };
		AA08D2D32000AA460062C7CE /* GXRuler.xcodeproj */ = {isa = PBXFileReference; lastKnownFileType = "wrapper.pb-project"; name = GXRuler.xcodeproj; path = "../../GXRuler-OC/GXRuler/GXRuler.xcodeproj"; sourceTree = "<group>"; };
		AA08D2DD2000AAB90062C7CE /* IJKMediaFrameworkWithSSL.framework */ = {isa = PBXFileReference; lastKnownFileType = wrapper.framework; name = IJKMediaFrameworkWithSSL.framework; path = "../../GXRuler-OC/IJKMediaFrameworkWithSSL.framework"; sourceTree = "<group>"; };
		AA08D41C2000EE1F0062C7CE /* GXHomeRecGameCell.h */ = {isa = PBXFileReference; lastKnownFileType = sourcecode.c.h; path = GXHomeRecGameCell.h; sourceTree = "<group>"; };
		AA08D41D2000EE1F0062C7CE /* GXHomeRecGameCell.m */ = {isa = PBXFileReference; lastKnownFileType = sourcecode.c.objc; path = GXHomeRecGameCell.m; sourceTree = "<group>"; };
		AA08D4222000FCAD0062C7CE /* GXHomeUIConstraint.h */ = {isa = PBXFileReference; lastKnownFileType = sourcecode.c.h; path = GXHomeUIConstraint.h; sourceTree = "<group>"; };
		AA08D4232000FCAD0062C7CE /* GXHomeUIConstraint.m */ = {isa = PBXFileReference; lastKnownFileType = sourcecode.c.objc; path = GXHomeUIConstraint.m; sourceTree = "<group>"; };
		AA3C79501FFE657300FA1455 /* GXHomeFeedCardAVView.m */ = {isa = PBXFileReference; fileEncoding = 4; lastKnownFileType = sourcecode.c.objc; path = GXHomeFeedCardAVView.m; sourceTree = "<group>"; };
		AA3C79511FFE657300FA1455 /* GXHomeBaseFeedCardView.m */ = {isa = PBXFileReference; fileEncoding = 4; lastKnownFileType = sourcecode.c.objc; path = GXHomeBaseFeedCardView.m; sourceTree = "<group>"; };
		AA3C79521FFE657300FA1455 /* GXHomeFeedCardSpecialView.h */ = {isa = PBXFileReference; fileEncoding = 4; lastKnownFileType = sourcecode.c.h; path = GXHomeFeedCardSpecialView.h; sourceTree = "<group>"; };
		AA3C79531FFE657300FA1455 /* GXHomeFeedCardSpecialView.m */ = {isa = PBXFileReference; fileEncoding = 4; lastKnownFileType = sourcecode.c.objc; path = GXHomeFeedCardSpecialView.m; sourceTree = "<group>"; };
		AA3C79541FFE657300FA1455 /* GXHomeFeedCardAVView.h */ = {isa = PBXFileReference; fileEncoding = 4; lastKnownFileType = sourcecode.c.h; path = GXHomeFeedCardAVView.h; sourceTree = "<group>"; };
		AA3C79551FFE657300FA1455 /* GXHomeFeedCardGameView.h */ = {isa = PBXFileReference; fileEncoding = 4; lastKnownFileType = sourcecode.c.h; path = GXHomeFeedCardGameView.h; sourceTree = "<group>"; };
		AA3C79561FFE657300FA1455 /* GXHomeBaseFeedCardView.h */ = {isa = PBXFileReference; fileEncoding = 4; lastKnownFileType = sourcecode.c.h; path = GXHomeBaseFeedCardView.h; sourceTree = "<group>"; };
		AA3C79571FFE657300FA1455 /* GXHomeFeedCardGameView.m */ = {isa = PBXFileReference; fileEncoding = 4; lastKnownFileType = sourcecode.c.objc; path = GXHomeFeedCardGameView.m; sourceTree = "<group>"; };
		AA3C79841FFE693100FA1455 /* GXHomeRecommendVM.h */ = {isa = PBXFileReference; lastKnownFileType = sourcecode.c.h; path = GXHomeRecommendVM.h; sourceTree = "<group>"; };
		AA3C79851FFE693100FA1455 /* GXHomeRecommendVM.m */ = {isa = PBXFileReference; lastKnownFileType = sourcecode.c.objc; path = GXHomeRecommendVM.m; sourceTree = "<group>"; };
		AA7483D62001EF69002EDBC9 /* GXHomeRecGameCell.xib */ = {isa = PBXFileReference; fileEncoding = 4; lastKnownFileType = file.xib; path = GXHomeRecGameCell.xib; sourceTree = "<group>"; };
		AA7483FC20021795002EDBC9 /* GXHomeRecSpecialCell.h */ = {isa = PBXFileReference; lastKnownFileType = sourcecode.c.h; path = GXHomeRecSpecialCell.h; sourceTree = "<group>"; };
		AA7483FD20021795002EDBC9 /* GXHomeRecSpecialCell.m */ = {isa = PBXFileReference; lastKnownFileType = sourcecode.c.objc; path = GXHomeRecSpecialCell.m; sourceTree = "<group>"; };
		AA7483FE20021795002EDBC9 /* GXHomeRecSpecialCell.xib */ = {isa = PBXFileReference; lastKnownFileType = file.xib; path = GXHomeRecSpecialCell.xib; sourceTree = "<group>"; };
		B70FBC9E1F99CCA9004A52F7 /* GXHomeLiveVC.h */ = {isa = PBXFileReference; fileEncoding = 4; lastKnownFileType = sourcecode.c.h; path = GXHomeLiveVC.h; sourceTree = "<group>"; };
		B70FBC9F1F99CCA9004A52F7 /* GXHomeLiveVC.m */ = {isa = PBXFileReference; fileEncoding = 4; lastKnownFileType = sourcecode.c.objc; path = GXHomeLiveVC.m; sourceTree = "<group>"; };
		B70FBCA81F99CD4D004A52F7 /* GXHomeLiveModel.h */ = {isa = PBXFileReference; lastKnownFileType = sourcecode.c.h; path = GXHomeLiveModel.h; sourceTree = "<group>"; };
		B70FBCA91F99CD4D004A52F7 /* GXHomeLiveModel.m */ = {isa = PBXFileReference; lastKnownFileType = sourcecode.c.objc; path = GXHomeLiveModel.m; sourceTree = "<group>"; };
		B70FBCAC1F99CD77004A52F7 /* GXHomeLiveCell.h */ = {isa = PBXFileReference; lastKnownFileType = sourcecode.c.h; path = GXHomeLiveCell.h; sourceTree = "<group>"; };
		B70FBCAD1F99CD77004A52F7 /* GXHomeLiveCell.m */ = {isa = PBXFileReference; lastKnownFileType = sourcecode.c.objc; path = GXHomeLiveCell.m; sourceTree = "<group>"; };
		B70FBCB01F99CE17004A52F7 /* GXHomeLiveVM.h */ = {isa = PBXFileReference; lastKnownFileType = sourcecode.c.h; path = GXHomeLiveVM.h; sourceTree = "<group>"; };
		B70FBCB11F99CE17004A52F7 /* GXHomeLiveVM.m */ = {isa = PBXFileReference; lastKnownFileType = sourcecode.c.objc; path = GXHomeLiveVM.m; sourceTree = "<group>"; };
		B70FBCB41F99CEA8004A52F7 /* GXHomeNavigator.h */ = {isa = PBXFileReference; lastKnownFileType = sourcecode.c.h; path = GXHomeNavigator.h; sourceTree = "<group>"; };
		B70FBCB51F99CEA8004A52F7 /* GXHomeNavigator.m */ = {isa = PBXFileReference; lastKnownFileType = sourcecode.c.objc; path = GXHomeNavigator.m; sourceTree = "<group>"; };
		B75081511F9DC3220054ED21 /* GXHomeBangumiViewModel.h */ = {isa = PBXFileReference; lastKnownFileType = sourcecode.c.h; path = GXHomeBangumiViewModel.h; sourceTree = "<group>"; };
		B75081521F9DC3220054ED21 /* GXHomeBangumiViewModel.m */ = {isa = PBXFileReference; lastKnownFileType = sourcecode.c.objc; path = GXHomeBangumiViewModel.m; sourceTree = "<group>"; };
		B75081561F9DC3AE0054ED21 /* GXHomeBangumiModel.h */ = {isa = PBXFileReference; lastKnownFileType = sourcecode.c.h; path = GXHomeBangumiModel.h; sourceTree = "<group>"; };
		B75081571F9DC3AE0054ED21 /* GXHomeBangumiModel.m */ = {isa = PBXFileReference; lastKnownFileType = sourcecode.c.objc; path = GXHomeBangumiModel.m; sourceTree = "<group>"; };
		B750815A1F9DC4590054ED21 /* GXHomeBangumiVC.h */ = {isa = PBXFileReference; fileEncoding = 4; lastKnownFileType = sourcecode.c.h; path = GXHomeBangumiVC.h; sourceTree = "<group>"; };
		B750815B1F9DC45A0054ED21 /* GXHomeBangumiVC.m */ = {isa = PBXFileReference; fileEncoding = 4; lastKnownFileType = sourcecode.c.objc; path = GXHomeBangumiVC.m; sourceTree = "<group>"; };
		B750815E1F9DC47B0054ED21 /* GXHomeBangumiCell.h */ = {isa = PBXFileReference; lastKnownFileType = sourcecode.c.h; path = GXHomeBangumiCell.h; sourceTree = "<group>"; };
		B750815F1F9DC47B0054ED21 /* GXHomeBangumiCell.m */ = {isa = PBXFileReference; lastKnownFileType = sourcecode.c.objc; path = GXHomeBangumiCell.m; sourceTree = "<group>"; };
		B75555431F3C5823008D0D01 /* GXHome.framework */ = {isa = PBXFileReference; explicitFileType = wrapper.framework; includeInIndex = 0; path = GXHome.framework; sourceTree = BUILT_PRODUCTS_DIR; };
		B75555461F3C5823008D0D01 /* GXHome.h */ = {isa = PBXFileReference; lastKnownFileType = sourcecode.c.h; path = GXHome.h; sourceTree = "<group>"; };
		B75555471F3C5823008D0D01 /* Info.plist */ = {isa = PBXFileReference; lastKnownFileType = text.plist.xml; path = Info.plist; sourceTree = "<group>"; };
		B755554C1F3C5823008D0D01 /* GXHomeTests.xctest */ = {isa = PBXFileReference; explicitFileType = wrapper.cfbundle; includeInIndex = 0; path = GXHomeTests.xctest; sourceTree = BUILT_PRODUCTS_DIR; };
		B75555511F3C5823008D0D01 /* GXHomeTests.m */ = {isa = PBXFileReference; lastKnownFileType = sourcecode.c.objc; path = GXHomeTests.m; sourceTree = "<group>"; };
		B75555531F3C5823008D0D01 /* Info.plist */ = {isa = PBXFileReference; lastKnownFileType = text.plist.xml; path = Info.plist; sourceTree = "<group>"; };
		B755556A1F3C604A008D0D01 /* GXHomeDefine.h */ = {isa = PBXFileReference; fileEncoding = 4; lastKnownFileType = sourcecode.c.h; path = GXHomeDefine.h; sourceTree = "<group>"; };
		B755556B1F3C604A008D0D01 /* GXHomeDefine.m */ = {isa = PBXFileReference; fileEncoding = 4; lastKnownFileType = sourcecode.c.objc; path = GXHomeDefine.m; sourceTree = "<group>"; };
		B755556E1F3C616C008D0D01 /* GXHomeManager.h */ = {isa = PBXFileReference; fileEncoding = 4; lastKnownFileType = sourcecode.c.h; path = GXHomeManager.h; sourceTree = "<group>"; };
		B755556F1F3C616C008D0D01 /* GXHomeManager.m */ = {isa = PBXFileReference; fileEncoding = 4; lastKnownFileType = sourcecode.c.objc; path = GXHomeManager.m; sourceTree = "<group>"; };
		B78048491F7367D5004B5E5B /* GXHomePCH.pch */ = {isa = PBXFileReference; fileEncoding = 4; lastKnownFileType = sourcecode.c.h; path = GXHomePCH.pch; sourceTree = "<group>"; };
		B780485D1F736C79004B5E5B /* GXHomeShell.app */ = {isa = PBXFileReference; explicitFileType = wrapper.application; includeInIndex = 0; path = GXHomeShell.app; sourceTree = BUILT_PRODUCTS_DIR; };
		B78048601F736C79004B5E5B /* main.m */ = {isa = PBXFileReference; lastKnownFileType = sourcecode.c.objc; path = main.m; sourceTree = "<group>"; };
		B78048621F736C79004B5E5B /* AppDelegate.h */ = {isa = PBXFileReference; lastKnownFileType = sourcecode.c.h; path = AppDelegate.h; sourceTree = "<group>"; };
		B78048631F736C79004B5E5B /* AppDelegate.m */ = {isa = PBXFileReference; lastKnownFileType = sourcecode.c.objc; path = AppDelegate.m; sourceTree = "<group>"; };
		B780486B1F736C79004B5E5B /* Assets.xcassets */ = {isa = PBXFileReference; lastKnownFileType = folder.assetcatalog; path = Assets.xcassets; sourceTree = "<group>"; };
		B780486E1F736C79004B5E5B /* Base */ = {isa = PBXFileReference; lastKnownFileType = file.storyboard; name = Base; path = Base.lproj/LaunchScreen.storyboard; sourceTree = "<group>"; };
		B78048701F736C79004B5E5B /* Info.plist */ = {isa = PBXFileReference; lastKnownFileType = text.plist.xml; path = Info.plist; sourceTree = "<group>"; };
		B78048BA1F73BFC9004B5E5B /* GXHomeRecommendVC.h */ = {isa = PBXFileReference; fileEncoding = 4; lastKnownFileType = sourcecode.c.h; path = GXHomeRecommendVC.h; sourceTree = "<group>"; };
		B78048BB1F73BFC9004B5E5B /* GXHomeRecommendVC.m */ = {isa = PBXFileReference; fileEncoding = 4; lastKnownFileType = sourcecode.c.objc; path = GXHomeRecommendVC.m; sourceTree = "<group>"; };
		B7B685301F41B2CC00306EF5 /* GXHomeViewController.h */ = {isa = PBXFileReference; fileEncoding = 4; lastKnownFileType = sourcecode.c.h; path = GXHomeViewController.h; sourceTree = "<group>"; };
		B7B685311F41B2CC00306EF5 /* GXHomeViewController.m */ = {isa = PBXFileReference; fileEncoding = 4; lastKnownFileType = sourcecode.c.objc; path = GXHomeViewController.m; sourceTree = "<group>"; };
		B7B685341F41B3D100306EF5 /* GXHome.xcassets */ = {isa = PBXFileReference; lastKnownFileType = folder.assetcatalog; path = GXHome.xcassets; sourceTree = "<group>"; };
		B7C20D841F4EB97300F6E5F1 /* GXHomeRouter.h */ = {isa = PBXFileReference; fileEncoding = 4; lastKnownFileType = sourcecode.c.h; path = GXHomeRouter.h; sourceTree = "<group>"; };
		B7C20D851F4EB97300F6E5F1 /* GXHomeRouter.m */ = {isa = PBXFileReference; fileEncoding = 4; lastKnownFileType = sourcecode.c.objc; path = GXHomeRouter.m; sourceTree = "<group>"; };
		B7CCDC6D1F3DBD7E00B06BB3 /* GXHomeBus.h */ = {isa = PBXFileReference; fileEncoding = 4; lastKnownFileType = sourcecode.c.h; path = GXHomeBus.h; sourceTree = "<group>"; };
		B7CCDC6E1F3DBD7E00B06BB3 /* GXHomeBus.m */ = {isa = PBXFileReference; fileEncoding = 4; lastKnownFileType = sourcecode.c.objc; path = GXHomeBus.m; sourceTree = "<group>"; };
		E448DC3D2009155800AC5F00 /* GXHomeTableViewCell.h */ = {isa = PBXFileReference; lastKnownFileType = sourcecode.c.h; path = GXHomeTableViewCell.h; sourceTree = "<group>"; };
		E448DC3E2009155800AC5F00 /* GXHomeTableViewCell.m */ = {isa = PBXFileReference; lastKnownFileType = sourcecode.c.objc; path = GXHomeTableViewCell.m; sourceTree = "<group>"; };
		E448DC3F2009155800AC5F00 /* GXHomeTableViewCell.xib */ = {isa = PBXFileReference; lastKnownFileType = file.xib; path = GXHomeTableViewCell.xib; sourceTree = "<group>"; };
		E4B83CA51FFE7B5D000A4AFF /* GXHomeBaseFeedCardAVModel.h */ = {isa = PBXFileReference; lastKnownFileType = sourcecode.c.h; path = GXHomeBaseFeedCardAVModel.h; sourceTree = "<group>"; };
		E4B83CA61FFE7B5D000A4AFF /* GXHomeBaseFeedCardAVModel.m */ = {isa = PBXFileReference; lastKnownFileType = sourcecode.c.objc; path = GXHomeBaseFeedCardAVModel.m; sourceTree = "<group>"; };
		E4B83CAE1FFE8052000A4AFF /* GXHomeUIImageViewModel.h */ = {isa = PBXFileReference; lastKnownFileType = sourcecode.c.h; path = GXHomeUIImageViewModel.h; sourceTree = "<group>"; };
		E4B83CAF1FFE8052000A4AFF /* GXHomeUIImageViewModel.m */ = {isa = PBXFileReference; lastKnownFileType = sourcecode.c.objc; path = GXHomeUIImageViewModel.m; sourceTree = "<group>"; };
		E4B83CB21FFE8062000A4AFF /* GXHomeUILabelModel.h */ = {isa = PBXFileReference; lastKnownFileType = sourcecode.c.h; path = GXHomeUILabelModel.h; sourceTree = "<group>"; };
		E4B83CB31FFE8062000A4AFF /* GXHomeUILabelModel.m */ = {isa = PBXFileReference; lastKnownFileType = sourcecode.c.objc; path = GXHomeUILabelModel.m; sourceTree = "<group>"; };
		E4B83CBA1FFE8128000A4AFF /* GXHomeUIBaseModel.h */ = {isa = PBXFileReference; lastKnownFileType = sourcecode.c.h; path = GXHomeUIBaseModel.h; sourceTree = "<group>"; };
		E4B83CBB1FFE8128000A4AFF /* GXHomeUIBaseModel.m */ = {isa = PBXFileReference; lastKnownFileType = sourcecode.c.objc; path = GXHomeUIBaseModel.m; sourceTree = "<group>"; };
		E4B83CBE1FFE87A2000A4AFF /* GXHomeRecAVCell.h */ = {isa = PBXFileReference; lastKnownFileType = sourcecode.c.h; path = GXHomeRecAVCell.h; sourceTree = "<group>"; };
		E4B83CBF1FFE87A2000A4AFF /* GXHomeRecAVCell.m */ = {isa = PBXFileReference; lastKnownFileType = sourcecode.c.objc; path = GXHomeRecAVCell.m; sourceTree = "<group>"; };
/* End PBXFileReference section */

/* Begin PBXFrameworksBuildPhase section */
		B755553F1F3C5823008D0D01 /* Frameworks */ = {
			isa = PBXFrameworksBuildPhase;
			buildActionMask = 2147483647;
			files = (
				AA08D2DF2000AACB0062C7CE /* GXNetwork.framework in Frameworks */,
				AA08D2E02000AACB0062C7CE /* GXPageView.framework in Frameworks */,
				AA08D2E12000AACB0062C7CE /* GXPlayer.framework in Frameworks */,
				AA08D2E22000AACB0062C7CE /* GXPodContainer.framework in Frameworks */,
				AA08D2E32000AACB0062C7CE /* GXRuler.framework in Frameworks */,
				AA08D2DE2000AABA0062C7CE /* IJKMediaFrameworkWithSSL.framework in Frameworks */,
			);
			runOnlyForDeploymentPostprocessing = 0;
		};
		B75555491F3C5823008D0D01 /* Frameworks */ = {
			isa = PBXFrameworksBuildPhase;
			buildActionMask = 2147483647;
			files = (
				B755554D1F3C5823008D0D01 /* GXHome.framework in Frameworks */,
			);
			runOnlyForDeploymentPostprocessing = 0;
		};
		B780485A1F736C79004B5E5B /* Frameworks */ = {
			isa = PBXFrameworksBuildPhase;
			buildActionMask = 2147483647;
			files = (
				B78048761F736C9A004B5E5B /* GXHome.framework in Frameworks */,
			);
			runOnlyForDeploymentPostprocessing = 0;
		};
/* End PBXFrameworksBuildPhase section */

/* Begin PBXGroup section */
		AA08D2AF2000AA240062C7CE /* Products */ = {
			isa = PBXGroup;
			children = (
				AA08D2B52000AA240062C7CE /* GXNetwork.framework */,
				AA08D2B72000AA240062C7CE /* GXNetworkTests.xctest */,
			);
			name = Products;
			sourceTree = "<group>";
		};
		AA08D2B92000AA310062C7CE /* Products */ = {
			isa = PBXGroup;
			children = (
				AA08D2BD2000AA310062C7CE /* GXPodContainer.framework */,
			);
			name = Products;
			sourceTree = "<group>";
		};
		AA08D2BF2000AA380062C7CE /* Products */ = {
			isa = PBXGroup;
			children = (
				AA08D2C52000AA380062C7CE /* GXPlayer.framework */,
				AA08D2C72000AA380062C7CE /* GXPlayerTests.xctest */,
				AA08D2C92000AA380062C7CE /* GXPlayerShell.app */,
			);
			name = Products;
			sourceTree = "<group>";
		};
		AA08D2CB2000AA400062C7CE /* Products */ = {
			isa = PBXGroup;
			children = (
				AA08D2D02000AA410062C7CE /* GXPageView.framework */,
				AA08D2D22000AA410062C7CE /* GXPageViewShell.app */,
			);
			name = Products;
			sourceTree = "<group>";
		};
		AA08D2D42000AA460062C7CE /* Products */ = {
			isa = PBXGroup;
			children = (
				AA08D2DA2000AA470062C7CE /* GXRuler.framework */,
				AA08D2DC2000AA470062C7CE /* GXRulerTests.xctest */,
			);
			name = Products;
			sourceTree = "<group>";
		};
		AA3C79481FFE650D00FA1455 /* FeedCard */ = {
			isa = PBXGroup;
			children = (
				AA3C79491FFE650D00FA1455 /* ConfigModel */,
				AA3C794B1FFE650D00FA1455 /* View */,
			);
			path = FeedCard;
			sourceTree = "<group>";
		};
		AA3C79491FFE650D00FA1455 /* ConfigModel */ = {
			isa = PBXGroup;
			children = (
				E4B83CA51FFE7B5D000A4AFF /* GXHomeBaseFeedCardAVModel.h */,
				E4B83CA61FFE7B5D000A4AFF /* GXHomeBaseFeedCardAVModel.m */,
				E4B83CBA1FFE8128000A4AFF /* GXHomeUIBaseModel.h */,
				E4B83CBB1FFE8128000A4AFF /* GXHomeUIBaseModel.m */,
				AA08D4222000FCAD0062C7CE /* GXHomeUIConstraint.h */,
				AA08D4232000FCAD0062C7CE /* GXHomeUIConstraint.m */,
				E4B83CAE1FFE8052000A4AFF /* GXHomeUIImageViewModel.h */,
				E4B83CAF1FFE8052000A4AFF /* GXHomeUIImageViewModel.m */,
				E4B83CB21FFE8062000A4AFF /* GXHomeUILabelModel.h */,
				E4B83CB31FFE8062000A4AFF /* GXHomeUILabelModel.m */,
			);
			path = ConfigModel;
			sourceTree = "<group>";
		};
		AA3C794B1FFE650D00FA1455 /* View */ = {
			isa = PBXGroup;
			children = (
				AA3C79561FFE657300FA1455 /* GXHomeBaseFeedCardView.h */,
				AA3C79511FFE657300FA1455 /* GXHomeBaseFeedCardView.m */,
				AA3C79541FFE657300FA1455 /* GXHomeFeedCardAVView.h */,
				AA3C79501FFE657300FA1455 /* GXHomeFeedCardAVView.m */,
				AA3C79551FFE657300FA1455 /* GXHomeFeedCardGameView.h */,
				AA3C79571FFE657300FA1455 /* GXHomeFeedCardGameView.m */,
				AA3C79521FFE657300FA1455 /* GXHomeFeedCardSpecialView.h */,
				AA3C79531FFE657300FA1455 /* GXHomeFeedCardSpecialView.m */,
			);
			path = View;
			sourceTree = "<group>";
		};
		B70FBC9C1F99CCA9004A52F7 /* Model */ = {
			isa = PBXGroup;
			children = (
				B70FBCA81F99CD4D004A52F7 /* GXHomeLiveModel.h */,
				B70FBCA91F99CD4D004A52F7 /* GXHomeLiveModel.m */,
			);
			path = Model;
			sourceTree = "<group>";
		};
		B70FBC9D1F99CCA9004A52F7 /* VC */ = {
			isa = PBXGroup;
			children = (
				B70FBC9E1F99CCA9004A52F7 /* GXHomeLiveVC.h */,
				B70FBC9F1F99CCA9004A52F7 /* GXHomeLiveVC.m */,
			);
			path = VC;
			sourceTree = "<group>";
		};
		B70FBCA01F99CCA9004A52F7 /* VM */ = {
			isa = PBXGroup;
			children = (
				B70FBCB01F99CE17004A52F7 /* GXHomeLiveVM.h */,
				B70FBCB11F99CE17004A52F7 /* GXHomeLiveVM.m */,
			);
			path = VM;
			sourceTree = "<group>";
		};
		B70FBCA11F99CCA9004A52F7 /* View */ = {
			isa = PBXGroup;
			children = (
				B70FBCAC1F99CD77004A52F7 /* GXHomeLiveCell.h */,
				B70FBCAD1F99CD77004A52F7 /* GXHomeLiveCell.m */,
			);
			path = View;
			sourceTree = "<group>";
		};
		B70FBCC71F99D17E004A52F7 /* Frameworks */ = {
			isa = PBXGroup;
			children = (
			);
			name = Frameworks;
			sourceTree = "<group>";
		};
		B75081461F9DC2FB0054ED21 /* VM */ = {
			isa = PBXGroup;
			children = (
				B75081511F9DC3220054ED21 /* GXHomeBangumiViewModel.h */,
				B75081521F9DC3220054ED21 /* GXHomeBangumiViewModel.m */,
			);
			path = VM;
			sourceTree = "<group>";
		};
		B750814E1F9DC2FB0054ED21 /* VC */ = {
			isa = PBXGroup;
			children = (
				B750815A1F9DC4590054ED21 /* GXHomeBangumiVC.h */,
				B750815B1F9DC45A0054ED21 /* GXHomeBangumiVC.m */,
			);
			path = VC;
			sourceTree = "<group>";
		};
		B75081501F9DC2FB0054ED21 /* View */ = {
			isa = PBXGroup;
			children = (
				B750815E1F9DC47B0054ED21 /* GXHomeBangumiCell.h */,
				B750815F1F9DC47B0054ED21 /* GXHomeBangumiCell.m */,
			);
			path = View;
			sourceTree = "<group>";
		};
		B75081551F9DC3920054ED21 /* Model */ = {
			isa = PBXGroup;
			children = (
				B75081561F9DC3AE0054ED21 /* GXHomeBangumiModel.h */,
				B75081571F9DC3AE0054ED21 /* GXHomeBangumiModel.m */,
			);
			path = Model;
			sourceTree = "<group>";
		};
		B75555391F3C5823008D0D01 = {
			isa = PBXGroup;
			children = (
				B75555451F3C5823008D0D01 /* GXHome */,
				B780485E1F736C79004B5E5B /* GXHomeShell */,
				B75555501F3C5823008D0D01 /* GXHomeTests */,
				B75555441F3C5823008D0D01 /* Products */,
				B70FBCC71F99D17E004A52F7 /* Frameworks */,
			);
			sourceTree = "<group>";
		};
		B75555441F3C5823008D0D01 /* Products */ = {
			isa = PBXGroup;
			children = (
				B75555431F3C5823008D0D01 /* GXHome.framework */,
				B755554C1F3C5823008D0D01 /* GXHomeTests.xctest */,
				B780485D1F736C79004B5E5B /* GXHomeShell.app */,
			);
			name = Products;
			sourceTree = "<group>";
		};
		B75555451F3C5823008D0D01 /* GXHome */ = {
			isa = PBXGroup;
			children = (
				B7CCDC611F3DBD2000B06BB3 /* Dependencies */,
				B75555911F3C637D008D0D01 /* GXHome */,
				B75555921F3C637D008D0D01 /* Resources */,
				B75555461F3C5823008D0D01 /* GXHome.h */,
				B7CCDC6D1F3DBD7E00B06BB3 /* GXHomeBus.h */,
				B7CCDC6E1F3DBD7E00B06BB3 /* GXHomeBus.m */,
				B7C20D841F4EB97300F6E5F1 /* GXHomeRouter.h */,
				B7C20D851F4EB97300F6E5F1 /* GXHomeRouter.m */,
				B70FBCB41F99CEA8004A52F7 /* GXHomeNavigator.h */,
				B70FBCB51F99CEA8004A52F7 /* GXHomeNavigator.m */,
				B755556A1F3C604A008D0D01 /* GXHomeDefine.h */,
				B755556B1F3C604A008D0D01 /* GXHomeDefine.m */,
				B755556E1F3C616C008D0D01 /* GXHomeManager.h */,
				B755556F1F3C616C008D0D01 /* GXHomeManager.m */,
				B78048491F7367D5004B5E5B /* GXHomePCH.pch */,
				B75555471F3C5823008D0D01 /* Info.plist */,
			);
			path = GXHome;
			sourceTree = "<group>";
		};
		B75555501F3C5823008D0D01 /* GXHomeTests */ = {
			isa = PBXGroup;
			children = (
				B75555511F3C5823008D0D01 /* GXHomeTests.m */,
				B75555531F3C5823008D0D01 /* Info.plist */,
			);
			path = GXHomeTests;
			sourceTree = "<group>";
		};
		B75555911F3C637D008D0D01 /* GXHome */ = {
			isa = PBXGroup;
			children = (
				AA3C79481FFE650D00FA1455 /* FeedCard */,
				B78048B71F73BFA3004B5E5B /* HomeBangumi */,
				B78048B81F73BFA3004B5E5B /* HomeLive */,
				B78048B91F73BFA3004B5E5B /* HomeRecommend */,
				B7B6852B1F41B2A700306EF5 /* Home */,
			);
			path = GXHome;
			sourceTree = "<group>";
		};
		B75555921F3C637D008D0D01 /* Resources */ = {
			isa = PBXGroup;
			children = (
				B7B685341F41B3D100306EF5 /* GXHome.xcassets */,
			);
			path = Resources;
			sourceTree = "<group>";
		};
		B780485E1F736C79004B5E5B /* GXHomeShell */ = {
			isa = PBXGroup;
			children = (
				B78048621F736C79004B5E5B /* AppDelegate.h */,
				B78048631F736C79004B5E5B /* AppDelegate.m */,
				B780486B1F736C79004B5E5B /* Assets.xcassets */,
				B780486D1F736C79004B5E5B /* LaunchScreen.storyboard */,
				B78048701F736C79004B5E5B /* Info.plist */,
				B780485F1F736C79004B5E5B /* Supporting Files */,
			);
			path = GXHomeShell;
			sourceTree = "<group>";
		};
		B780485F1F736C79004B5E5B /* Supporting Files */ = {
			isa = PBXGroup;
			children = (
				B78048601F736C79004B5E5B /* main.m */,
			);
			name = "Supporting Files";
			sourceTree = "<group>";
		};
		B78048B71F73BFA3004B5E5B /* HomeBangumi */ = {
			isa = PBXGroup;
			children = (
				B75081551F9DC3920054ED21 /* Model */,
				B750814E1F9DC2FB0054ED21 /* VC */,
				B75081501F9DC2FB0054ED21 /* View */,
				B75081461F9DC2FB0054ED21 /* VM */,
			);
			path = HomeBangumi;
			sourceTree = "<group>";
		};
		B78048B81F73BFA3004B5E5B /* HomeLive */ = {
			isa = PBXGroup;
			children = (
				B70FBC9C1F99CCA9004A52F7 /* Model */,
				B70FBC9D1F99CCA9004A52F7 /* VC */,
				B70FBCA11F99CCA9004A52F7 /* View */,
				B70FBCA01F99CCA9004A52F7 /* VM */,
			);
			path = HomeLive;
			sourceTree = "<group>";
		};
		B78048B91F73BFA3004B5E5B /* HomeRecommend */ = {
			isa = PBXGroup;
			children = (
				B78048BA1F73BFC9004B5E5B /* GXHomeRecommendVC.h */,
				B78048BB1F73BFC9004B5E5B /* GXHomeRecommendVC.m */,
				E4B83C8E1FFD3685000A4AFF /* Cell */,
				E4B83C8D1FFD3685000A4AFF /* VM */,
			);
			path = HomeRecommend;
			sourceTree = "<group>";
		};
		B7B6852B1F41B2A700306EF5 /* Home */ = {
			isa = PBXGroup;
			children = (
				B7B685301F41B2CC00306EF5 /* GXHomeViewController.h */,
				B7B685311F41B2CC00306EF5 /* GXHomeViewController.m */,
				E448DC3D2009155800AC5F00 /* GXHomeTableViewCell.h */,
				E448DC3E2009155800AC5F00 /* GXHomeTableViewCell.m */,
				E448DC3F2009155800AC5F00 /* GXHomeTableViewCell.xib */,
			);
			path = Home;
			sourceTree = "<group>";
		};
		B7CCDC611F3DBD2000B06BB3 /* Dependencies */ = {
			isa = PBXGroup;
			children = (
				AA08D2DD2000AAB90062C7CE /* IJKMediaFrameworkWithSSL.framework */,
				AA08D2D32000AA460062C7CE /* GXRuler.xcodeproj */,
				AA08D2CA2000AA400062C7CE /* GXPageView.xcodeproj */,
				AA08D2BE2000AA380062C7CE /* GXPlayer.xcodeproj */,
				AA08D2B82000AA310062C7CE /* GXPodContainer.xcodeproj */,
				AA08D2AE2000AA240062C7CE /* GXNetwork.xcodeproj */,
			);
			name = Dependencies;
			sourceTree = "<group>";
		};
		E4B83C8D1FFD3685000A4AFF /* VM */ = {
			isa = PBXGroup;
			children = (
				AA3C79841FFE693100FA1455 /* GXHomeRecommendVM.h */,
				AA3C79851FFE693100FA1455 /* GXHomeRecommendVM.m */,
			);
			path = VM;
			sourceTree = "<group>";
		};
		E4B83C8E1FFD3685000A4AFF /* Cell */ = {
			isa = PBXGroup;
			children = (
				E4B83CBE1FFE87A2000A4AFF /* GXHomeRecAVCell.h */,
				E4B83CBF1FFE87A2000A4AFF /* GXHomeRecAVCell.m */,
				AA08D41C2000EE1F0062C7CE /* GXHomeRecGameCell.h */,
				AA08D41D2000EE1F0062C7CE /* GXHomeRecGameCell.m */,
				AA7483D62001EF69002EDBC9 /* GXHomeRecGameCell.xib */,
				AA7483FC20021795002EDBC9 /* GXHomeRecSpecialCell.h */,
				AA7483FD20021795002EDBC9 /* GXHomeRecSpecialCell.m */,
				AA7483FE20021795002EDBC9 /* GXHomeRecSpecialCell.xib */,
			);
			path = Cell;
			sourceTree = "<group>";
		};
/* End PBXGroup section */

/* Begin PBXHeadersBuildPhase section */
		B75555401F3C5823008D0D01 /* Headers */ = {
			isa = PBXHeadersBuildPhase;
			buildActionMask = 2147483647;
			files = (
				E4B83CB41FFE8062000A4AFF /* GXHomeUILabelModel.h in Headers */,
				B75081601F9DC47B0054ED21 /* GXHomeBangumiCell.h in Headers */,
				E4B83CA71FFE7B5D000A4AFF /* GXHomeBaseFeedCardAVModel.h in Headers */,
				AA3C795A1FFE657300FA1455 /* GXHomeFeedCardSpecialView.h in Headers */,
				B780484A1F7367D5004B5E5B /* GXHomePCH.pch in Headers */,
				AA08D41F2000EE1F0062C7CE /* GXHomeRecGameCell.h in Headers */,
				B70FBCA21F99CCA9004A52F7 /* GXHomeLiveVC.h in Headers */,
				B70FBCAE1F99CD77004A52F7 /* GXHomeLiveCell.h in Headers */,
				B75555541F3C5823008D0D01 /* GXHome.h in Headers */,
				B70FBCB61F99CEA8004A52F7 /* GXHomeNavigator.h in Headers */,
				B75555701F3C616C008D0D01 /* GXHomeManager.h in Headers */,
				B75081581F9DC3AE0054ED21 /* GXHomeBangumiModel.h in Headers */,
				B75081531F9DC3220054ED21 /* GXHomeBangumiViewModel.h in Headers */,
				B755556C1F3C604A008D0D01 /* GXHomeDefine.h in Headers */,
				B70FBCAA1F99CD4D004A52F7 /* GXHomeLiveModel.h in Headers */,
				AA3C79861FFE693100FA1455 /* GXHomeRecommendVM.h in Headers */,
				AA3C795E1FFE657300FA1455 /* GXHomeBaseFeedCardView.h in Headers */,
				E4B83CC01FFE87A2000A4AFF /* GXHomeRecAVCell.h in Headers */,
				AA08D4242000FCAD0062C7CE /* GXHomeUIConstraint.h in Headers */,
				AA3C795C1FFE657300FA1455 /* GXHomeFeedCardAVView.h in Headers */,
				AA3C795D1FFE657300FA1455 /* GXHomeFeedCardGameView.h in Headers */,
				B78048BC1F73BFC9004B5E5B /* GXHomeRecommendVC.h in Headers */,
				E448DC402009155800AC5F00 /* GXHomeTableViewCell.h in Headers */,
				B750815C1F9DC45A0054ED21 /* GXHomeBangumiVC.h in Headers */,
				AA7483FF20021795002EDBC9 /* GXHomeRecSpecialCell.h in Headers */,
				E4B83CB01FFE8052000A4AFF /* GXHomeUIImageViewModel.h in Headers */,
				B7CCDC6F1F3DBD7E00B06BB3 /* GXHomeBus.h in Headers */,
				B7B685321F41B2CC00306EF5 /* GXHomeViewController.h in Headers */,
				E4B83CBC1FFE8128000A4AFF /* GXHomeUIBaseModel.h in Headers */,
				B70FBCB21F99CE17004A52F7 /* GXHomeLiveVM.h in Headers */,
				B7C20D861F4EB97300F6E5F1 /* GXHomeRouter.h in Headers */,
			);
			runOnlyForDeploymentPostprocessing = 0;
		};
/* End PBXHeadersBuildPhase section */

/* Begin PBXNativeTarget section */
		B75555421F3C5823008D0D01 /* GXHome */ = {
			isa = PBXNativeTarget;
			buildConfigurationList = B75555571F3C5823008D0D01 /* Build configuration list for PBXNativeTarget "GXHome" */;
			buildPhases = (
				B755553E1F3C5823008D0D01 /* Sources */,
				B755553F1F3C5823008D0D01 /* Frameworks */,
				B75555401F3C5823008D0D01 /* Headers */,
				B75555411F3C5823008D0D01 /* Resources */,
			);
			buildRules = (
			);
			dependencies = (
				AA08D2E52000AAE70062C7CE /* PBXTargetDependency */,
				AA08D2E72000AAE70062C7CE /* PBXTargetDependency */,
				AA08D2E92000AAE70062C7CE /* PBXTargetDependency */,
				AA08D2EB2000AAE70062C7CE /* PBXTargetDependency */,
				AA08D2ED2000AAE70062C7CE /* PBXTargetDependency */,
			);
			name = GXHome;
			productName = GXHome;
			productReference = B75555431F3C5823008D0D01 /* GXHome.framework */;
			productType = "com.apple.product-type.framework";
		};
		B755554B1F3C5823008D0D01 /* GXHomeTests */ = {
			isa = PBXNativeTarget;
			buildConfigurationList = B755555A1F3C5823008D0D01 /* Build configuration list for PBXNativeTarget "GXHomeTests" */;
			buildPhases = (
				B75555481F3C5823008D0D01 /* Sources */,
				B75555491F3C5823008D0D01 /* Frameworks */,
				B755554A1F3C5823008D0D01 /* Resources */,
			);
			buildRules = (
			);
			dependencies = (
				B755554F1F3C5823008D0D01 /* PBXTargetDependency */,
			);
			name = GXHomeTests;
			productName = GXHomeTests;
			productReference = B755554C1F3C5823008D0D01 /* GXHomeTests.xctest */;
			productType = "com.apple.product-type.bundle.unit-test";
		};
		B780485C1F736C79004B5E5B /* GXHomeShell */ = {
			isa = PBXNativeTarget;
			buildConfigurationList = B78048751F736C79004B5E5B /* Build configuration list for PBXNativeTarget "GXHomeShell" */;
			buildPhases = (
				B78048591F736C79004B5E5B /* Sources */,
				B780485A1F736C79004B5E5B /* Frameworks */,
				B780485B1F736C79004B5E5B /* Resources */,
				B780487A1F736C9A004B5E5B /* Embed Frameworks */,
			);
			buildRules = (
			);
			dependencies = (
				B78048791F736C9A004B5E5B /* PBXTargetDependency */,
			);
			name = GXHomeShell;
			productName = GXHomeShell;
			productReference = B780485D1F736C79004B5E5B /* GXHomeShell.app */;
			productType = "com.apple.product-type.application";
		};
/* End PBXNativeTarget section */

/* Begin PBXProject section */
		B755553A1F3C5823008D0D01 /* Project object */ = {
			isa = PBXProject;
			attributes = {
				LastUpgradeCheck = 0900;
				ORGANIZATIONNAME = sunguangxin;
				TargetAttributes = {
					B75555421F3C5823008D0D01 = {
						CreatedOnToolsVersion = 8.3.3;
						DevelopmentTeam = VEE3B6HDQ5;
						ProvisioningStyle = Automatic;
					};
					B755554B1F3C5823008D0D01 = {
						CreatedOnToolsVersion = 8.3.3;
						DevelopmentTeam = VEE3B6HDQ5;
						ProvisioningStyle = Automatic;
					};
					B780485C1F736C79004B5E5B = {
						CreatedOnToolsVersion = 8.3.3;
						DevelopmentTeam = VEE3B6HDQ5;
						ProvisioningStyle = Automatic;
					};
				};
			};
			buildConfigurationList = B755553D1F3C5823008D0D01 /* Build configuration list for PBXProject "GXHome" */;
			compatibilityVersion = "Xcode 3.2";
			developmentRegion = English;
			hasScannedForEncodings = 0;
			knownRegions = (
				en,
				Base,
			);
			mainGroup = B75555391F3C5823008D0D01;
			productRefGroup = B75555441F3C5823008D0D01 /* Products */;
			projectDirPath = "";
			projectReferences = (
				{
					ProductGroup = AA08D2AF2000AA240062C7CE /* Products */;
					ProjectRef = AA08D2AE2000AA240062C7CE /* GXNetwork.xcodeproj */;
				},
				{
					ProductGroup = AA08D2CB2000AA400062C7CE /* Products */;
					ProjectRef = AA08D2CA2000AA400062C7CE /* GXPageView.xcodeproj */;
				},
				{
					ProductGroup = AA08D2BF2000AA380062C7CE /* Products */;
					ProjectRef = AA08D2BE2000AA380062C7CE /* GXPlayer.xcodeproj */;
				},
				{
					ProductGroup = AA08D2B92000AA310062C7CE /* Products */;
					ProjectRef = AA08D2B82000AA310062C7CE /* GXPodContainer.xcodeproj */;
				},
				{
					ProductGroup = AA08D2D42000AA460062C7CE /* Products */;
					ProjectRef = AA08D2D32000AA460062C7CE /* GXRuler.xcodeproj */;
				},
			);
			projectRoot = "";
			targets = (
				B75555421F3C5823008D0D01 /* GXHome */,
				B780485C1F736C79004B5E5B /* GXHomeShell */,
				B755554B1F3C5823008D0D01 /* GXHomeTests */,
			);
		};
/* End PBXProject section */

/* Begin PBXReferenceProxy section */
		AA08D2B52000AA240062C7CE /* GXNetwork.framework */ = {
			isa = PBXReferenceProxy;
			fileType = wrapper.framework;
			path = GXNetwork.framework;
			remoteRef = AA08D2B42000AA240062C7CE /* PBXContainerItemProxy */;
			sourceTree = BUILT_PRODUCTS_DIR;
		};
		AA08D2B72000AA240062C7CE /* GXNetworkTests.xctest */ = {
			isa = PBXReferenceProxy;
			fileType = wrapper.cfbundle;
			path = GXNetworkTests.xctest;
			remoteRef = AA08D2B62000AA240062C7CE /* PBXContainerItemProxy */;
			sourceTree = BUILT_PRODUCTS_DIR;
		};
		AA08D2BD2000AA310062C7CE /* GXPodContainer.framework */ = {
			isa = PBXReferenceProxy;
			fileType = wrapper.framework;
			path = GXPodContainer.framework;
			remoteRef = AA08D2BC2000AA310062C7CE /* PBXContainerItemProxy */;
			sourceTree = BUILT_PRODUCTS_DIR;
		};
		AA08D2C52000AA380062C7CE /* GXPlayer.framework */ = {
			isa = PBXReferenceProxy;
			fileType = wrapper.framework;
			path = GXPlayer.framework;
			remoteRef = AA08D2C42000AA380062C7CE /* PBXContainerItemProxy */;
			sourceTree = BUILT_PRODUCTS_DIR;
		};
		AA08D2C72000AA380062C7CE /* GXPlayerTests.xctest */ = {
			isa = PBXReferenceProxy;
			fileType = wrapper.cfbundle;
			path = GXPlayerTests.xctest;
			remoteRef = AA08D2C62000AA380062C7CE /* PBXContainerItemProxy */;
			sourceTree = BUILT_PRODUCTS_DIR;
		};
		AA08D2C92000AA380062C7CE /* GXPlayerShell.app */ = {
			isa = PBXReferenceProxy;
			fileType = wrapper.application;
			path = GXPlayerShell.app;
			remoteRef = AA08D2C82000AA380062C7CE /* PBXContainerItemProxy */;
			sourceTree = BUILT_PRODUCTS_DIR;
		};
		AA08D2D02000AA410062C7CE /* GXPageView.framework */ = {
			isa = PBXReferenceProxy;
			fileType = wrapper.framework;
			path = GXPageView.framework;
			remoteRef = AA08D2CF2000AA410062C7CE /* PBXContainerItemProxy */;
			sourceTree = BUILT_PRODUCTS_DIR;
		};
		AA08D2D22000AA410062C7CE /* GXPageViewShell.app */ = {
			isa = PBXReferenceProxy;
			fileType = wrapper.application;
			path = GXPageViewShell.app;
			remoteRef = AA08D2D12000AA410062C7CE /* PBXContainerItemProxy */;
			sourceTree = BUILT_PRODUCTS_DIR;
		};
		AA08D2DA2000AA470062C7CE /* GXRuler.framework */ = {
			isa = PBXReferenceProxy;
			fileType = wrapper.framework;
			path = GXRuler.framework;
			remoteRef = AA08D2D92000AA470062C7CE /* PBXContainerItemProxy */;
			sourceTree = BUILT_PRODUCTS_DIR;
		};
		AA08D2DC2000AA470062C7CE /* GXRulerTests.xctest */ = {
			isa = PBXReferenceProxy;
			fileType = wrapper.cfbundle;
			path = GXRulerTests.xctest;
			remoteRef = AA08D2DB2000AA470062C7CE /* PBXContainerItemProxy */;
			sourceTree = BUILT_PRODUCTS_DIR;
		};
/* End PBXReferenceProxy section */

/* Begin PBXResourcesBuildPhase section */
		B75555411F3C5823008D0D01 /* Resources */ = {
			isa = PBXResourcesBuildPhase;
			buildActionMask = 2147483647;
			files = (
				AA7483DC2001EF69002EDBC9 /* GXHomeRecGameCell.xib in Resources */,
				AA74840120021795002EDBC9 /* GXHomeRecSpecialCell.xib in Resources */,
				B7B685351F41B3D100306EF5 /* GXHome.xcassets in Resources */,
				E448DC422009155800AC5F00 /* GXHomeTableViewCell.xib in Resources */,
			);
			runOnlyForDeploymentPostprocessing = 0;
		};
		B755554A1F3C5823008D0D01 /* Resources */ = {
			isa = PBXResourcesBuildPhase;
			buildActionMask = 2147483647;
			files = (
			);
			runOnlyForDeploymentPostprocessing = 0;
		};
		B780485B1F736C79004B5E5B /* Resources */ = {
			isa = PBXResourcesBuildPhase;
			buildActionMask = 2147483647;
			files = (
				B780486F1F736C79004B5E5B /* LaunchScreen.storyboard in Resources */,
				B780486C1F736C79004B5E5B /* Assets.xcassets in Resources */,
			);
			runOnlyForDeploymentPostprocessing = 0;
		};
/* End PBXResourcesBuildPhase section */

/* Begin PBXSourcesBuildPhase section */
		B755553E1F3C5823008D0D01 /* Sources */ = {
			isa = PBXSourcesBuildPhase;
			buildActionMask = 2147483647;
			files = (
				B70FBCAB1F99CD4D004A52F7 /* GXHomeLiveModel.m in Sources */,
				B7C20D871F4EB97300F6E5F1 /* GXHomeRouter.m in Sources */,
				B75081611F9DC47B0054ED21 /* GXHomeBangumiCell.m in Sources */,
				B70FBCA31F99CCA9004A52F7 /* GXHomeLiveVC.m in Sources */,
				AA74840020021795002EDBC9 /* GXHomeRecSpecialCell.m in Sources */,
				AA08D4252000FCAD0062C7CE /* GXHomeUIConstraint.m in Sources */,
				E448DC412009155800AC5F00 /* GXHomeTableViewCell.m in Sources */,
				B78048BD1F73BFC9004B5E5B /* GXHomeRecommendVC.m in Sources */,
				B755556D1F3C604A008D0D01 /* GXHomeDefine.m in Sources */,
				B70FBCB31F99CE17004A52F7 /* GXHomeLiveVM.m in Sources */,
				B750815D1F9DC45A0054ED21 /* GXHomeBangumiVC.m in Sources */,
				B75081591F9DC3AE0054ED21 /* GXHomeBangumiModel.m in Sources */,
				AA3C79591FFE657300FA1455 /* GXHomeBaseFeedCardView.m in Sources */,
				AA3C795B1FFE657300FA1455 /* GXHomeFeedCardSpecialView.m in Sources */,
				AA3C79581FFE657300FA1455 /* GXHomeFeedCardAVView.m in Sources */,
				B70FBCB71F99CEA8004A52F7 /* GXHomeNavigator.m in Sources */,
				E4B83CB51FFE8062000A4AFF /* GXHomeUILabelModel.m in Sources */,
				AA08D4202000EE1F0062C7CE /* GXHomeRecGameCell.m in Sources */,
				B7B685331F41B2CC00306EF5 /* GXHomeViewController.m in Sources */,
				E4B83CB11FFE8052000A4AFF /* GXHomeUIImageViewModel.m in Sources */,
				E4B83CBD1FFE8128000A4AFF /* GXHomeUIBaseModel.m in Sources */,
				B75081541F9DC3220054ED21 /* GXHomeBangumiViewModel.m in Sources */,
				B7CCDC701F3DBD7E00B06BB3 /* GXHomeBus.m in Sources */,
				AA3C795F1FFE657300FA1455 /* GXHomeFeedCardGameView.m in Sources */,
				E4B83CA81FFE7B5D000A4AFF /* GXHomeBaseFeedCardAVModel.m in Sources */,
				B75555711F3C616C008D0D01 /* GXHomeManager.m in Sources */,
				B70FBCAF1F99CD77004A52F7 /* GXHomeLiveCell.m in Sources */,
				E4B83CC11FFE87A2000A4AFF /* GXHomeRecAVCell.m in Sources */,
				AA3C79871FFE693100FA1455 /* GXHomeRecommendVM.m in Sources */,
			);
			runOnlyForDeploymentPostprocessing = 0;
		};
		B75555481F3C5823008D0D01 /* Sources */ = {
			isa = PBXSourcesBuildPhase;
			buildActionMask = 2147483647;
			files = (
				B75555521F3C5823008D0D01 /* GXHomeTests.m in Sources */,
			);
			runOnlyForDeploymentPostprocessing = 0;
		};
		B78048591F736C79004B5E5B /* Sources */ = {
			isa = PBXSourcesBuildPhase;
			buildActionMask = 2147483647;
			files = (
				B78048641F736C79004B5E5B /* AppDelegate.m in Sources */,
				B78048611F736C79004B5E5B /* main.m in Sources */,
			);
			runOnlyForDeploymentPostprocessing = 0;
		};
/* End PBXSourcesBuildPhase section */

/* Begin PBXTargetDependency section */
		AA08D2E52000AAE70062C7CE /* PBXTargetDependency */ = {
			isa = PBXTargetDependency;
			name = GXRuler;
			targetProxy = AA08D2E42000AAE70062C7CE /* PBXContainerItemProxy */;
		};
		AA08D2E72000AAE70062C7CE /* PBXTargetDependency */ = {
			isa = PBXTargetDependency;
			name = GXPodContainer;
			targetProxy = AA08D2E62000AAE70062C7CE /* PBXContainerItemProxy */;
		};
		AA08D2E92000AAE70062C7CE /* PBXTargetDependency */ = {
			isa = PBXTargetDependency;
			name = GXPageView;
			targetProxy = AA08D2E82000AAE70062C7CE /* PBXContainerItemProxy */;
		};
		AA08D2EB2000AAE70062C7CE /* PBXTargetDependency */ = {
			isa = PBXTargetDependency;
			name = GXPlayer;
			targetProxy = AA08D2EA2000AAE70062C7CE /* PBXContainerItemProxy */;
		};
		AA08D2ED2000AAE70062C7CE /* PBXTargetDependency */ = {
			isa = PBXTargetDependency;
			name = GXNetwork;
			targetProxy = AA08D2EC2000AAE70062C7CE /* PBXContainerItemProxy */;
		};
		B755554F1F3C5823008D0D01 /* PBXTargetDependency */ = {
			isa = PBXTargetDependency;
			target = B75555421F3C5823008D0D01 /* GXHome */;
			targetProxy = B755554E1F3C5823008D0D01 /* PBXContainerItemProxy */;
		};
		B78048791F736C9A004B5E5B /* PBXTargetDependency */ = {
			isa = PBXTargetDependency;
			target = B75555421F3C5823008D0D01 /* GXHome */;
			targetProxy = B78048781F736C9A004B5E5B /* PBXContainerItemProxy */;
		};
/* End PBXTargetDependency section */

/* Begin PBXVariantGroup section */
		B780486D1F736C79004B5E5B /* LaunchScreen.storyboard */ = {
			isa = PBXVariantGroup;
			children = (
				B780486E1F736C79004B5E5B /* Base */,
			);
			name = LaunchScreen.storyboard;
			sourceTree = "<group>";
		};
/* End PBXVariantGroup section */

/* Begin XCBuildConfiguration section */
		B75555551F3C5823008D0D01 /* Debug */ = {
			isa = XCBuildConfiguration;
			buildSettings = {
				ALWAYS_SEARCH_USER_PATHS = NO;
				CLANG_ANALYZER_NONNULL = YES;
				CLANG_ANALYZER_NUMBER_OBJECT_CONVERSION = YES_AGGRESSIVE;
				CLANG_CXX_LANGUAGE_STANDARD = "gnu++0x";
				CLANG_CXX_LIBRARY = "libc++";
				CLANG_ENABLE_MODULES = YES;
				CLANG_ENABLE_OBJC_ARC = YES;
				CLANG_WARN_BLOCK_CAPTURE_AUTORELEASING = YES;
				CLANG_WARN_BOOL_CONVERSION = YES;
				CLANG_WARN_COMMA = YES;
				CLANG_WARN_CONSTANT_CONVERSION = YES;
				CLANG_WARN_DIRECT_OBJC_ISA_USAGE = YES_ERROR;
				CLANG_WARN_DOCUMENTATION_COMMENTS = YES;
				CLANG_WARN_EMPTY_BODY = YES;
				CLANG_WARN_ENUM_CONVERSION = YES;
				CLANG_WARN_INFINITE_RECURSION = YES;
				CLANG_WARN_INT_CONVERSION = YES;
				CLANG_WARN_NON_LITERAL_NULL_CONVERSION = YES;
				CLANG_WARN_OBJC_LITERAL_CONVERSION = YES;
				CLANG_WARN_OBJC_ROOT_CLASS = YES_ERROR;
				CLANG_WARN_RANGE_LOOP_ANALYSIS = YES;
				CLANG_WARN_STRICT_PROTOTYPES = YES;
				CLANG_WARN_SUSPICIOUS_MOVE = YES;
				CLANG_WARN_UNREACHABLE_CODE = YES;
				CLANG_WARN__DUPLICATE_METHOD_MATCH = YES;
				"CODE_SIGN_IDENTITY[sdk=iphoneos*]" = "iPhone Developer";
				COPY_PHASE_STRIP = NO;
				CURRENT_PROJECT_VERSION = 1;
				DEBUG_INFORMATION_FORMAT = dwarf;
				ENABLE_STRICT_OBJC_MSGSEND = YES;
				ENABLE_TESTABILITY = YES;
				GCC_C_LANGUAGE_STANDARD = gnu99;
				GCC_DYNAMIC_NO_PIC = NO;
				GCC_NO_COMMON_BLOCKS = YES;
				GCC_OPTIMIZATION_LEVEL = 0;
				GCC_PREPROCESSOR_DEFINITIONS = (
					"DEBUG=1",
					"$(inherited)",
				);
				GCC_WARN_64_TO_32_BIT_CONVERSION = YES;
				GCC_WARN_ABOUT_RETURN_TYPE = YES_ERROR;
				GCC_WARN_UNDECLARED_SELECTOR = YES;
				GCC_WARN_UNINITIALIZED_AUTOS = YES_AGGRESSIVE;
				GCC_WARN_UNUSED_FUNCTION = YES;
				GCC_WARN_UNUSED_VARIABLE = YES;
				IPHONEOS_DEPLOYMENT_TARGET = 10.3;
				MTL_ENABLE_DEBUG_INFO = YES;
				ONLY_ACTIVE_ARCH = YES;
				SDKROOT = iphoneos;
				TARGETED_DEVICE_FAMILY = "1,2";
				VERSIONING_SYSTEM = "apple-generic";
				VERSION_INFO_PREFIX = "";
			};
			name = Debug;
		};
		B75555561F3C5823008D0D01 /* Release */ = {
			isa = XCBuildConfiguration;
			buildSettings = {
				ALWAYS_SEARCH_USER_PATHS = NO;
				CLANG_ANALYZER_NONNULL = YES;
				CLANG_ANALYZER_NUMBER_OBJECT_CONVERSION = YES_AGGRESSIVE;
				CLANG_CXX_LANGUAGE_STANDARD = "gnu++0x";
				CLANG_CXX_LIBRARY = "libc++";
				CLANG_ENABLE_MODULES = YES;
				CLANG_ENABLE_OBJC_ARC = YES;
				CLANG_WARN_BLOCK_CAPTURE_AUTORELEASING = YES;
				CLANG_WARN_BOOL_CONVERSION = YES;
				CLANG_WARN_COMMA = YES;
				CLANG_WARN_CONSTANT_CONVERSION = YES;
				CLANG_WARN_DIRECT_OBJC_ISA_USAGE = YES_ERROR;
				CLANG_WARN_DOCUMENTATION_COMMENTS = YES;
				CLANG_WARN_EMPTY_BODY = YES;
				CLANG_WARN_ENUM_CONVERSION = YES;
				CLANG_WARN_INFINITE_RECURSION = YES;
				CLANG_WARN_INT_CONVERSION = YES;
				CLANG_WARN_NON_LITERAL_NULL_CONVERSION = YES;
				CLANG_WARN_OBJC_LITERAL_CONVERSION = YES;
				CLANG_WARN_OBJC_ROOT_CLASS = YES_ERROR;
				CLANG_WARN_RANGE_LOOP_ANALYSIS = YES;
				CLANG_WARN_STRICT_PROTOTYPES = YES;
				CLANG_WARN_SUSPICIOUS_MOVE = YES;
				CLANG_WARN_UNREACHABLE_CODE = YES;
				CLANG_WARN__DUPLICATE_METHOD_MATCH = YES;
				"CODE_SIGN_IDENTITY[sdk=iphoneos*]" = "iPhone Developer";
				COPY_PHASE_STRIP = NO;
				CURRENT_PROJECT_VERSION = 1;
				DEBUG_INFORMATION_FORMAT = "dwarf-with-dsym";
				ENABLE_NS_ASSERTIONS = NO;
				ENABLE_STRICT_OBJC_MSGSEND = YES;
				GCC_C_LANGUAGE_STANDARD = gnu99;
				GCC_NO_COMMON_BLOCKS = YES;
				GCC_WARN_64_TO_32_BIT_CONVERSION = YES;
				GCC_WARN_ABOUT_RETURN_TYPE = YES_ERROR;
				GCC_WARN_UNDECLARED_SELECTOR = YES;
				GCC_WARN_UNINITIALIZED_AUTOS = YES_AGGRESSIVE;
				GCC_WARN_UNUSED_FUNCTION = YES;
				GCC_WARN_UNUSED_VARIABLE = YES;
				IPHONEOS_DEPLOYMENT_TARGET = 10.3;
				MTL_ENABLE_DEBUG_INFO = NO;
				SDKROOT = iphoneos;
				TARGETED_DEVICE_FAMILY = "1,2";
				VALIDATE_PRODUCT = YES;
				VERSIONING_SYSTEM = "apple-generic";
				VERSION_INFO_PREFIX = "";
			};
			name = Release;
		};
		B75555581F3C5823008D0D01 /* Debug */ = {
			isa = XCBuildConfiguration;
			buildSettings = {
				CODE_SIGN_IDENTITY = "";
				DEFINES_MODULE = YES;
				DEVELOPMENT_TEAM = VEE3B6HDQ5;
				DYLIB_COMPATIBILITY_VERSION = 1;
				DYLIB_CURRENT_VERSION = 1;
				DYLIB_INSTALL_NAME_BASE = "@rpath";
				ENABLE_BITCODE = NO;
				FRAMEWORK_SEARCH_PATHS = "$(SRCROOT)/../GXRuler-OC";
				GCC_PRECOMPILE_PREFIX_HEADER = YES;
				GCC_PREFIX_HEADER = "$(SRCROOT)/GXHome/GXHomePCH.pch";
				INFOPLIST_FILE = GXHome/Info.plist;
				INSTALL_PATH = "$(LOCAL_LIBRARY_DIR)/Frameworks";
				IPHONEOS_DEPLOYMENT_TARGET = 8.0;
				LD_RUNPATH_SEARCH_PATHS = "$(inherited) @executable_path/Frameworks @loader_path/Frameworks";
				PRODUCT_BUNDLE_IDENTIFIER = com.sgx.GXHome;
				PRODUCT_NAME = "$(TARGET_NAME)";
				SKIP_INSTALL = YES;
			};
			name = Debug;
		};
		B75555591F3C5823008D0D01 /* Release */ = {
			isa = XCBuildConfiguration;
			buildSettings = {
				CODE_SIGN_IDENTITY = "";
				DEFINES_MODULE = YES;
				DEVELOPMENT_TEAM = VEE3B6HDQ5;
				DYLIB_COMPATIBILITY_VERSION = 1;
				DYLIB_CURRENT_VERSION = 1;
				DYLIB_INSTALL_NAME_BASE = "@rpath";
				ENABLE_BITCODE = NO;
				FRAMEWORK_SEARCH_PATHS = "$(SRCROOT)/../GXRuler-OC";
				GCC_PRECOMPILE_PREFIX_HEADER = YES;
				GCC_PREFIX_HEADER = "$(SRCROOT)/GXHome/GXHomePCH.pch";
				INFOPLIST_FILE = GXHome/Info.plist;
				INSTALL_PATH = "$(LOCAL_LIBRARY_DIR)/Frameworks";
				IPHONEOS_DEPLOYMENT_TARGET = 8.0;
				LD_RUNPATH_SEARCH_PATHS = "$(inherited) @executable_path/Frameworks @loader_path/Frameworks";
				PRODUCT_BUNDLE_IDENTIFIER = com.sgx.GXHome;
				PRODUCT_NAME = "$(TARGET_NAME)";
				SKIP_INSTALL = YES;
			};
			name = Release;
		};
		B755555B1F3C5823008D0D01 /* Debug */ = {
			isa = XCBuildConfiguration;
			buildSettings = {
				DEVELOPMENT_TEAM = VEE3B6HDQ5;
				INFOPLIST_FILE = GXHomeTests/Info.plist;
				LD_RUNPATH_SEARCH_PATHS = "$(inherited) @executable_path/Frameworks @loader_path/Frameworks";
				PRODUCT_BUNDLE_IDENTIFIER = com.sgx.GXHomeTests;
				PRODUCT_NAME = "$(TARGET_NAME)";
			};
			name = Debug;
		};
		B755555C1F3C5823008D0D01 /* Release */ = {
			isa = XCBuildConfiguration;
			buildSettings = {
				DEVELOPMENT_TEAM = VEE3B6HDQ5;
				INFOPLIST_FILE = GXHomeTests/Info.plist;
				LD_RUNPATH_SEARCH_PATHS = "$(inherited) @executable_path/Frameworks @loader_path/Frameworks";
				PRODUCT_BUNDLE_IDENTIFIER = com.sgx.GXHomeTests;
				PRODUCT_NAME = "$(TARGET_NAME)";
			};
			name = Release;
		};
		B78048711F736C79004B5E5B /* Debug */ = {
			isa = XCBuildConfiguration;
			buildSettings = {
				ASSETCATALOG_COMPILER_APPICON_NAME = AppIcon;
				DEVELOPMENT_TEAM = VEE3B6HDQ5;
				ENABLE_BITCODE = NO;
				INFOPLIST_FILE = GXHomeShell/Info.plist;
				LD_RUNPATH_SEARCH_PATHS = "$(inherited) @executable_path/Frameworks";
				PRODUCT_BUNDLE_IDENTIFIER = com.sgx.GXHomeShell;
				PRODUCT_NAME = "$(TARGET_NAME)";
				TARGETED_DEVICE_FAMILY = "1,2";
			};
			name = Debug;
		};
		B78048721F736C79004B5E5B /* Release */ = {
			isa = XCBuildConfiguration;
			buildSettings = {
				ASSETCATALOG_COMPILER_APPICON_NAME = AppIcon;
				DEVELOPMENT_TEAM = VEE3B6HDQ5;
				ENABLE_BITCODE = NO;
				INFOPLIST_FILE = GXHomeShell/Info.plist;
				LD_RUNPATH_SEARCH_PATHS = "$(inherited) @executable_path/Frameworks";
				PRODUCT_BUNDLE_IDENTIFIER = com.sgx.GXHomeShell;
				PRODUCT_NAME = "$(TARGET_NAME)";
				TARGETED_DEVICE_FAMILY = "1,2";
			};
			name = Release;
		};
/* End XCBuildConfiguration section */

/* Begin XCConfigurationList section */
		B755553D1F3C5823008D0D01 /* Build configuration list for PBXProject "GXHome" */ = {
			isa = XCConfigurationList;
			buildConfigurations = (
				B75555551F3C5823008D0D01 /* Debug */,
				B75555561F3C5823008D0D01 /* Release */,
			);
			defaultConfigurationIsVisible = 0;
			defaultConfigurationName = Release;
		};
		B75555571F3C5823008D0D01 /* Build configuration list for PBXNativeTarget "GXHome" */ = {
			isa = XCConfigurationList;
			buildConfigurations = (
				B75555581F3C5823008D0D01 /* Debug */,
				B75555591F3C5823008D0D01 /* Release */,
			);
			defaultConfigurationIsVisible = 0;
			defaultConfigurationName = Release;
		};
		B755555A1F3C5823008D0D01 /* Build configuration list for PBXNativeTarget "GXHomeTests" */ = {
			isa = XCConfigurationList;
			buildConfigurations = (
				B755555B1F3C5823008D0D01 /* Debug */,
				B755555C1F3C5823008D0D01 /* Release */,
			);
			defaultConfigurationIsVisible = 0;
			defaultConfigurationName = Release;
		};
		B78048751F736C79004B5E5B /* Build configuration list for PBXNativeTarget "GXHomeShell" */ = {
			isa = XCConfigurationList;
			buildConfigurations = (
				B78048711F736C79004B5E5B /* Debug */,
				B78048721F736C79004B5E5B /* Release */,
			);
			defaultConfigurationIsVisible = 0;
			defaultConfigurationName = Release;
		};
/* End XCConfigurationList section */
	};
	rootObject = B755553A1F3C5823008D0D01 /* Project object */;
}
